{
  "name": "prototype",
  "version": "0.0.1",
  "lockfileVersion": 1,
  "requires": true,
  "dependencies": {
    "typescript": {
      "version": "3.1.0-dev.20180905",
      "resolved": "https://registry.npmjs.org/typescript/-/typescript-3.1.0-dev.20180905.tgz",
      "integrity": "sha512-NSyc2nL9MkdJnhUTqTnzF5eIqdz2hxgT7cpmd5lNEcll8eNxVQWJawrFCi/NytnxUjrANNRas5fW2SHOuZnOgw==",
      "dev": true
    }
  }
}
